# This file is autogenerated, do not edit; changes may be undone by the next 'dep ensure'.


[[projects]]
  branch = "master"
  name = "git.platform.manulife.io/go-common/log"
  packages = ["."]
  revision = "fdf6985807b31e126dde60b4e06622193635a91d"
  source = "ssh://git@git.platform.manulife.io:2222/go-common/log.git"

[[projects]]
  branch = "master"
  name = "git.platform.manulife.io/go-common/pcf"
  packages = ["vcap"]
  revision = "f73e32d19ab56875de2f2b2ac723081c06460ae5"
  source = "ssh://git@git.platform.manulife.io:2222/go-common/pcf.git"

[[projects]]
  branch = "master"
  name = "git.platform.manulife.io/go-common/respond"
  packages = ["."]
  revision = "720942e8fb1f1b671c83632506086945778ea0cc"
  source = "ssh://git@git.platform.manulife.io:2222/go-common/respond.git"

[[projects]]
  name = "github.com/Sirupsen/logrus"
  packages = ["."]
  revision = "c155da19408a8799da419ed3eeb0cb5db0ad5dbc"
  version = "v1.0.5"

[[projects]]
  name = "github.com/coreos/bbolt"
  packages = ["."]
  revision = "583e8937c61f1af6513608ccc75c97b6abdf4ff9"
  version = "v1.3.0"

[[projects]]
  name = "github.com/go-redis/redis"
  packages = [
    ".",
    "internal",
    "internal/consistenthash",
    "internal/hashtag",
    "internal/pool",
    "internal/proto",
    "internal/singleflight",
    "internal/util"
  ]
  revision = "877867d2845fbaf86798befe410b6ceb6f5c29a3"
  version = "v6.10.2"

[[projects]]
  name = "github.com/pkg/errors"
  packages = ["."]
  revision = "645ef00459ed84a119197bfb8d8205042c6df63d"
  version = "v0.8.0"

[[projects]]
  branch = "master"
  name = "golang.org/x/crypto"
  packages = [
    "cast5",
    "openpgp",
    "openpgp/armor",
    "openpgp/elgamal",
    "openpgp/errors",
    "openpgp/packet",
    "openpgp/s2k",
    "ssh/terminal"
  ]
  revision = "db7d12313a59cd5b727192a287195e2cdfa40049"

[[projects]]
  branch = "master"
  name = "golang.org/x/sys"
  packages = [
    "unix",
    "windows"
  ]
  revision = "f67ecc163a74fbeea4cb1db0a101dcd07201464a"

[[projects]]
  branch = "v2"
  name = "gopkg.in/urfave/cli.v2"
  packages = ["."]
  revision = "d3ae77c26ac8db90639677e4831a728d33c36111"

[solve-meta]
  analyzer-name = "dep"
  analyzer-version = 1
  inputs-digest = "02b225bbc4c9461a10c170965778526ac0954ed13e8903353403c631f30757cf"
  solver-name = "gps-cdcl"
  solver-version = 1
